
Microsoft Visual Studio Solution File, Format Version 12.00
# Visual Studio Version 17
VisualStudioVersion = 17.0.32126.317
MinimumVisualStudioVersion = 10.0.40219.1
Project("{9A19103F-16F7-4668-BE54-9A1E7A4F7556}") = "Flx.Api", "FlxApi\Flx.Api.csproj", "{99358A19-7110-4DB1-8288-36C67FDFD90B}"
EndProject
Project("{9A19103F-16F7-4668-BE54-9A1E7A4F7556}") = "Flx.Domain", "Flx.Domain\Flx.Domain.csproj", "{9B798F12-6FA1-4B78-ABB2-197C6813F3B5}"
EndProject
Project("{9A19103F-16F7-4668-BE54-9A1E7A4F7556}") = "Flx.Data", "Flx.Data\Flx.Data.csproj", "{75E7AD11-1FF5-4C2E-9A79-170119F4844B}"
EndProject
Project("{9A19103F-16F7-4668-BE54-9A1E7A4F7556}") = "Flx.Shared", "Flx.Shared\Flx.Shared.csproj", "{CACD4A58-3165-4374-9858-C0FA6E20FFAC}"
EndProject
Project("{FAE04EC0-301F-11D3-BF4B-00C04F79EFBC}") = "Flx.test", "Flx.test\Flx.test.csproj", "{196F30FC-B959-4E59-816C-62392504D115}"
EndProject
Global
	GlobalSection(SolutionConfigurationPlatforms) = preSolution
		Debug|Any CPU = Debug|Any CPU
		Debug|ARM = Debug|ARM
		Debug|ARM64 = Debug|ARM64
		Debug|x64 = Debug|x64
		Debug|x86 = Debug|x86
		Release|Any CPU = Release|Any CPU
		Release|ARM = Release|ARM
		Release|ARM64 = Release|ARM64
		Release|x64 = Release|x64
		Release|x86 = Release|x86
	EndGlobalSection
	GlobalSection(ProjectConfigurationPlatforms) = postSolution
		{99358A19-7110-4DB1-8288-36C67FDFD90B}.Debug|Any CPU.ActiveCfg = Debug|Any CPU
		{99358A19-7110-4DB1-8288-36C67FDFD90B}.Debug|Any CPU.Build.0 = Debug|Any CPU
		{99358A19-7110-4DB1-8288-36C67FDFD90B}.Debug|ARM.ActiveCfg = Debug|Any CPU
		{99358A19-7110-4DB1-8288-36C67FDFD90B}.Debug|ARM.Build.0 = Debug|Any CPU
		{99358A19-7110-4DB1-8288-36C67FDFD90B}.Debug|ARM64.ActiveCfg = Debug|Any CPU
		{99358A19-7110-4DB1-8288-36C67FDFD90B}.Debug|ARM64.Build.0 = Debug|Any CPU
		{99358A19-7110-4DB1-8288-36C67FDFD90B}.Debug|x64.ActiveCfg = Debug|Any CPU
		{99358A19-7110-4DB1-8288-36C67FDFD90B}.Debug|x64.Build.0 = Debug|Any CPU
		{99358A19-7110-4DB1-8288-36C67FDFD90B}.Debug|x86.ActiveCfg = Debug|Any CPU
		{99358A19-7110-4DB1-8288-36C67FDFD90B}.Debug|x86.Build.0 = Debug|Any CPU
		{99358A19-7110-4DB1-8288-36C67FDFD90B}.Release|Any CPU.ActiveCfg = Release|Any CPU
		{99358A19-7110-4DB1-8288-36C67FDFD90B}.Release|Any CPU.Build.0 = Release|Any CPU
		{99358A19-7110-4DB1-8288-36C67FDFD90B}.Release|ARM.ActiveCfg = Release|Any CPU
		{99358A19-7110-4DB1-8288-36C67FDFD90B}.Release|ARM.Build.0 = Release|Any CPU
		{99358A19-7110-4DB1-8288-36C67FDFD90B}.Release|ARM64.ActiveCfg = Release|Any CPU
		{99358A19-7110-4DB1-8288-36C67FDFD90B}.Release|ARM64.Build.0 = Release|Any CPU
		{99358A19-7110-4DB1-8288-36C67FDFD90B}.Release|x64.ActiveCfg = Release|Any CPU
		{99358A19-7110-4DB1-8288-36C67FDFD90B}.Release|x64.Build.0 = Release|Any CPU
		{99358A19-7110-4DB1-8288-36C67FDFD90B}.Release|x86.ActiveCfg = Release|Any CPU
		{99358A19-7110-4DB1-8288-36C67FDFD90B}.Release|x86.Build.0 = Release|Any CPU
		{9B798F12-6FA1-4B78-ABB2-197C6813F3B5}.Debug|Any CPU.ActiveCfg = Debug|Any CPU
		{9B798F12-6FA1-4B78-ABB2-197C6813F3B5}.Debug|Any CPU.Build.0 = Debug|Any CPU
		{9B798F12-6FA1-4B78-ABB2-197C6813F3B5}.Debug|ARM.ActiveCfg = Debug|Any CPU
		{9B798F12-6FA1-4B78-ABB2-197C6813F3B5}.Debug|ARM.Build.0 = Debug|Any CPU
		{9B798F12-6FA1-4B78-ABB2-197C6813F3B5}.Debug|ARM64.ActiveCfg = Debug|Any CPU
		{9B798F12-6FA1-4B78-ABB2-197C6813F3B5}.Debug|ARM64.Build.0 = Debug|Any CPU
		{9B798F12-6FA1-4B78-ABB2-197C6813F3B5}.Debug|x64.ActiveCfg = Debug|Any CPU
		{9B798F12-6FA1-4B78-ABB2-197C6813F3B5}.Debug|x64.Build.0 = Debug|Any CPU
		{9B798F12-6FA1-4B78-ABB2-197C6813F3B5}.Debug|x86.ActiveCfg = Debug|Any CPU
		{9B798F12-6FA1-4B78-ABB2-197C6813F3B5}.Debug|x86.Build.0 = Debug|Any CPU
		{9B798F12-6FA1-4B78-ABB2-197C6813F3B5}.Release|Any CPU.ActiveCfg = Release|Any CPU
		{9B798F12-6FA1-4B78-ABB2-197C6813F3B5}.Release|Any CPU.Build.0 = Release|Any CPU
		{9B798F12-6FA1-4B78-ABB2-197C6813F3B5}.Release|ARM.ActiveCfg = Release|Any CPU
		{9B798F12-6FA1-4B78-ABB2-197C6813F3B5}.Release|ARM.Build.0 = Release|Any CPU
		{9B798F12-6FA1-4B78-ABB2-197C6813F3B5}.Release|ARM64.ActiveCfg = Release|Any CPU
		{9B798F12-6FA1-4B78-ABB2-197C6813F3B5}.Release|ARM64.Build.0 = Release|Any CPU
		{9B798F12-6FA1-4B78-ABB2-197C6813F3B5}.Release|x64.ActiveCfg = Release|Any CPU
		{9B798F12-6FA1-4B78-ABB2-197C6813F3B5}.Release|x64.Build.0 = Release|Any CPU
		{9B798F12-6FA1-4B78-ABB2-197C6813F3B5}.Release|x86.ActiveCfg = Release|Any CPU
		{9B798F12-6FA1-4B78-ABB2-197C6813F3B5}.Release|x86.Build.0 = Release|Any CPU
		{75E7AD11-1FF5-4C2E-9A79-170119F4844B}.Debug|Any CPU.ActiveCfg = Debug|Any CPU
		{75E7AD11-1FF5-4C2E-9A79-170119F4844B}.Debug|Any CPU.Build.0 = Debug|Any CPU
		{75E7AD11-1FF5-4C2E-9A79-170119F4844B}.Debug|ARM.ActiveCfg = Debug|Any CPU
		{75E7AD11-1FF5-4C2E-9A79-170119F4844B}.Debug|ARM.Build.0 = Debug|Any CPU
		{75E7AD11-1FF5-4C2E-9A79-170119F4844B}.Debug|ARM64.ActiveCfg = Debug|Any CPU
		{75E7AD11-1FF5-4C2E-9A79-170119F4844B}.Debug|ARM64.Build.0 = Debug|Any CPU
		{75E7AD11-1FF5-4C2E-9A79-170119F4844B}.Debug|x64.ActiveCfg = Debug|Any CPU
		{75E7AD11-1FF5-4C2E-9A79-170119F4844B}.Debug|x64.Build.0 = Debug|Any CPU
		{75E7AD11-1FF5-4C2E-9A79-170119F4844B}.Debug|x86.ActiveCfg = Debug|Any CPU
		{75E7AD11-1FF5-4C2E-9A79-170119F4844B}.Debug|x86.Build.0 = Debug|Any CPU
		{75E7AD11-1FF5-4C2E-9A79-170119F4844B}.Release|Any CPU.ActiveCfg = Release|Any CPU
		{75E7AD11-1FF5-4C2E-9A79-170119F4844B}.Release|Any CPU.Build.0 = Release|Any CPU
		{75E7AD11-1FF5-4C2E-9A79-170119F4844B}.Release|ARM.ActiveCfg = Release|Any CPU
		{75E7AD11-1FF5-4C2E-9A79-170119F4844B}.Release|ARM.Build.0 = Release|Any CPU
		{75E7AD11-1FF5-4C2E-9A79-170119F4844B}.Release|ARM64.ActiveCfg = Release|Any CPU
		{75E7AD11-1FF5-4C2E-9A79-170119F4844B}.Release|ARM64.Build.0 = Release|Any CPU
		{75E7AD11-1FF5-4C2E-9A79-170119F4844B}.Release|x64.ActiveCfg = Release|Any CPU
		{75E7AD11-1FF5-4C2E-9A79-170119F4844B}.Release|x64.Build.0 = Release|Any CPU
		{75E7AD11-1FF5-4C2E-9A79-170119F4844B}.Release|x86.ActiveCfg = Release|Any CPU
		{75E7AD11-1FF5-4C2E-9A79-170119F4844B}.Release|x86.Build.0 = Release|Any CPU
		{CACD4A58-3165-4374-9858-C0FA6E20FFAC}.Debug|Any CPU.ActiveCfg = Debug|Any CPU
		{CACD4A58-3165-4374-9858-C0FA6E20FFAC}.Debug|Any CPU.Build.0 = Debug|Any CPU
		{CACD4A58-3165-4374-9858-C0FA6E20FFAC}.Debug|ARM.ActiveCfg = Debug|Any CPU
		{CACD4A58-3165-4374-9858-C0FA6E20FFAC}.Debug|ARM.Build.0 = Debug|Any CPU
		{CACD4A58-3165-4374-9858-C0FA6E20FFAC}.Debug|ARM64.ActiveCfg = Debug|Any CPU
		{CACD4A58-3165-4374-9858-C0FA6E20FFAC}.Debug|ARM64.Build.0 = Debug|Any CPU
		{CACD4A58-3165-4374-9858-C0FA6E20FFAC}.Debug|x64.ActiveCfg = Debug|Any CPU
		{CACD4A58-3165-4374-9858-C0FA6E20FFAC}.Debug|x64.Build.0 = Debug|Any CPU
		{CACD4A58-3165-4374-9858-C0FA6E20FFAC}.Debug|x86.ActiveCfg = Debug|Any CPU
		{CACD4A58-3165-4374-9858-C0FA6E20FFAC}.Debug|x86.Build.0 = Debug|Any CPU
		{CACD4A58-3165-4374-9858-C0FA6E20FFAC}.Release|Any CPU.ActiveCfg = Release|Any CPU
		{CACD4A58-3165-4374-9858-C0FA6E20FFAC}.Release|Any CPU.Build.0 = Release|Any CPU
		{CACD4A58-3165-4374-9858-C0FA6E20FFAC}.Release|ARM.ActiveCfg = Release|Any CPU
		{CACD4A58-3165-4374-9858-C0FA6E20FFAC}.Release|ARM.Build.0 = Release|Any CPU
		{CACD4A58-3165-4374-9858-C0FA6E20FFAC}.Release|ARM64.ActiveCfg = Release|Any CPU
		{CACD4A58-3165-4374-9858-C0FA6E20FFAC}.Release|ARM64.Build.0 = Release|Any CPU
		{CACD4A58-3165-4374-9858-C0FA6E20FFAC}.Release|x64.ActiveCfg = Release|Any CPU
		{CACD4A58-3165-4374-9858-C0FA6E20FFAC}.Release|x64.Build.0 = Release|Any CPU
		{CACD4A58-3165-4374-9858-C0FA6E20FFAC}.Release|x86.ActiveCfg = Release|Any CPU
		{CACD4A58-3165-4374-9858-C0FA6E20FFAC}.Release|x86.Build.0 = Release|Any CPU
		{196F30FC-B959-4E59-816C-62392504D115}.Debug|Any CPU.ActiveCfg = Debug|Any CPU
		{196F30FC-B959-4E59-816C-62392504D115}.Debug|Any CPU.Build.0 = Debug|Any CPU
		{196F30FC-B959-4E59-816C-62392504D115}.Debug|ARM.ActiveCfg = Debug|Any CPU
		{196F30FC-B959-4E59-816C-62392504D115}.Debug|ARM.Build.0 = Debug|Any CPU
		{196F30FC-B959-4E59-816C-62392504D115}.Debug|ARM64.ActiveCfg = Debug|Any CPU
		{196F30FC-B959-4E59-816C-62392504D115}.Debug|ARM64.Build.0 = Debug|Any CPU
		{196F30FC-B959-4E59-816C-62392504D115}.Debug|x64.ActiveCfg = Debug|Any CPU
		{196F30FC-B959-4E59-816C-62392504D115}.Debug|x64.Build.0 = Debug|Any CPU
		{196F30FC-B959-4E59-816C-62392504D115}.Debug|x86.ActiveCfg = Debug|Any CPU
		{196F30FC-B959-4E59-816C-62392504D115}.Debug|x86.Build.0 = Debug|Any CPU
		{196F30FC-B959-4E59-816C-62392504D115}.Release|Any CPU.ActiveCfg = Release|Any CPU
		{196F30FC-B959-4E59-816C-62392504D115}.Release|Any CPU.Build.0 = Release|Any CPU
		{196F30FC-B959-4E59-816C-62392504D115}.Release|ARM.ActiveCfg = Release|Any CPU
		{196F30FC-B959-4E59-816C-62392504D115}.Release|ARM.Build.0 = Release|Any CPU
		{196F30FC-B959-4E59-816C-62392504D115}.Release|ARM64.ActiveCfg = Release|Any CPU
		{196F30FC-B959-4E59-816C-62392504D115}.Release|ARM64.Build.0 = Release|Any CPU
		{196F30FC-B959-4E59-816C-62392504D115}.Release|x64.ActiveCfg = Release|Any CPU
		{196F30FC-B959-4E59-816C-62392504D115}.Release|x64.Build.0 = Release|Any CPU
		{196F30FC-B959-4E59-816C-62392504D115}.Release|x86.ActiveCfg = Release|Any CPU
		{196F30FC-B959-4E59-816C-62392504D115}.Release|x86.Build.0 = Release|Any CPU
	EndGlobalSection
	GlobalSection(SolutionProperties) = preSolution
		HideSolutionNode = FALSE
	EndGlobalSection
	GlobalSection(ExtensibilityGlobals) = postSolution
		SolutionGuid = {47BB8524-3A50-43B9-9020-FFCEC8758A90}
	EndGlobalSection
EndGlobal
